
Microsoft Visual Studio Solution File, Format Version 12.00
# Visual Studio 15
VisualStudioVersion = 15.0.28307.1231
MinimumVisualStudioVersion = 10.0.40219.1
Project("{8BC9CEB8-8B4A-11D0-8D11-00A0C91BC942}") = "Revision_2", "Revision_2\Revision_2.vcxproj", "{D4312BB0-9913-4097-A0A0-FEF41A10BD54}"
EndProject
Global
	GlobalSection(SolutionConfigurationPlatforms) = preSolution
		Debug|x64 = Debug|x64
		Debug|x86 = Debug|x86
		Release|x64 = Release|x64
		Release|x86 = Release|x86
	EndGlobalSection
	GlobalSection(ProjectConfigurationPlatforms) = postSolution
		{D4312BB0-9913-4097-A0A0-FEF41A10BD54}.Debug|x64.ActiveCfg = Debug|x64
		{D4312BB0-9913-4097-A0A0-FEF41A10BD54}.Debug|x64.Build.0 = Debug|x64
		{D4312BB0-9913-4097-A0A0-FEF41A10BD54}.Debug|x86.ActiveCfg = Debug|Win32
		{D4312BB0-9913-4097-A0A0-FEF41A10BD54}.Debug|x86.Build.0 = Debug|Win32
		{D4312BB0-9913-4097-A0A0-FEF41A10BD54}.Release|x64.ActiveCfg = Release|x64
		{D4312BB0-9913-4097-A0A0-FEF41A10BD54}.Release|x64.Build.0 = Release|x64
		{D4312BB0-9913-4097-A0A0-FEF41A10BD54}.Release|x86.ActiveCfg = Release|Win32
		{D4312BB0-9913-4097-A0A0-FEF41A10BD54}.Release|x86.Build.0 = Release|Win32
	EndGlobalSection
	GlobalSection(SolutionProperties) = preSolution
		HideSolutionNode = FALSE
	EndGlobalSection
	GlobalSection(ExtensibilityGlobals) = postSolution
		SolutionGuid = {433462A9-C13F-488B-9B07-D5495AA8A1FC}
	EndGlobalSection
EndGlobal
