
Microsoft Visual Studio Solution File, Format Version 12.00
# Visual Studio 15
VisualStudioVersion = 15.0.28307.1022
MinimumVisualStudioVersion = 10.0.40219.1
Project("{FAE04EC0-301F-11D3-BF4B-00C04F79EFBC}") = "test", "test\test.csproj", "{2625E32A-391A-4021-A510-4343088C04E6}"
EndProject
Global
	GlobalSection(SolutionConfigurationPlatforms) = preSolution
		Debug|Any CPU = Debug|Any CPU
		Release|Any CPU = Release|Any CPU
	EndGlobalSection
	GlobalSection(ProjectConfigurationPlatforms) = postSolution
		{2625E32A-391A-4021-A510-4343088C04E6}.Debug|Any CPU.ActiveCfg = Debug|Any CPU
		{2625E32A-391A-4021-A510-4343088C04E6}.Debug|Any CPU.Build.0 = Debug|Any CPU
		{2625E32A-391A-4021-A510-4343088C04E6}.Release|Any CPU.ActiveCfg = Release|Any CPU
		{2625E32A-391A-4021-A510-4343088C04E6}.Release|Any CPU.Build.0 = Release|Any CPU
	EndGlobalSection
	GlobalSection(SolutionProperties) = preSolution
		HideSolutionNode = FALSE
	EndGlobalSection
	GlobalSection(ExtensibilityGlobals) = postSolution
		SolutionGuid = {EC5FD858-85DA-4E43-A40B-A51A46E4006B}
	EndGlobalSection
EndGlobal
