
Microsoft Visual Studio Solution File, Format Version 12.00
# Visual Studio 15
VisualStudioVersion = 15.0.28307.1231
MinimumVisualStudioVersion = 10.0.40219.1
Project("{8BC9CEB8-8B4A-11D0-8D11-00A0C91BC942}") = "Affichage", "Affichage\Affichage.vcxproj", "{57DBC517-45DF-4CFA-98C0-3570509097B6}"
EndProject
Global
	GlobalSection(SolutionConfigurationPlatforms) = preSolution
		Debug|x64 = Debug|x64
		Debug|x86 = Debug|x86
		Release|x64 = Release|x64
		Release|x86 = Release|x86
	EndGlobalSection
	GlobalSection(ProjectConfigurationPlatforms) = postSolution
		{57DBC517-45DF-4CFA-98C0-3570509097B6}.Debug|x64.ActiveCfg = Debug|x64
		{57DBC517-45DF-4CFA-98C0-3570509097B6}.Debug|x64.Build.0 = Debug|x64
		{57DBC517-45DF-4CFA-98C0-3570509097B6}.Debug|x86.ActiveCfg = Debug|Win32
		{57DBC517-45DF-4CFA-98C0-3570509097B6}.Debug|x86.Build.0 = Debug|Win32
		{57DBC517-45DF-4CFA-98C0-3570509097B6}.Release|x64.ActiveCfg = Release|x64
		{57DBC517-45DF-4CFA-98C0-3570509097B6}.Release|x64.Build.0 = Release|x64
		{57DBC517-45DF-4CFA-98C0-3570509097B6}.Release|x86.ActiveCfg = Release|Win32
		{57DBC517-45DF-4CFA-98C0-3570509097B6}.Release|x86.Build.0 = Release|Win32
	EndGlobalSection
	GlobalSection(SolutionProperties) = preSolution
		HideSolutionNode = FALSE
	EndGlobalSection
	GlobalSection(ExtensibilityGlobals) = postSolution
		SolutionGuid = {854408E1-3676-47E8-82A5-0F666319125C}
	EndGlobalSection
EndGlobal
