
Microsoft Visual Studio Solution File, Format Version 12.00
# Visual Studio 15
VisualStudioVersion = 15.0.28307.1022
MinimumVisualStudioVersion = 10.0.40219.1
Project("{FAE04EC0-301F-11D3-BF4B-00C04F79EFBC}") = "Jern", "Jern\Jern.csproj", "{D16B73EC-9779-4A48-95C6-2C6937529C92}"
EndProject
Global
	GlobalSection(SolutionConfigurationPlatforms) = preSolution
		Debug|Any CPU = Debug|Any CPU
		Release|Any CPU = Release|Any CPU
	EndGlobalSection
	GlobalSection(ProjectConfigurationPlatforms) = postSolution
		{D16B73EC-9779-4A48-95C6-2C6937529C92}.Debug|Any CPU.ActiveCfg = Debug|Any CPU
		{D16B73EC-9779-4A48-95C6-2C6937529C92}.Debug|Any CPU.Build.0 = Debug|Any CPU
		{D16B73EC-9779-4A48-95C6-2C6937529C92}.Release|Any CPU.ActiveCfg = Release|Any CPU
		{D16B73EC-9779-4A48-95C6-2C6937529C92}.Release|Any CPU.Build.0 = Release|Any CPU
	EndGlobalSection
	GlobalSection(SolutionProperties) = preSolution
		HideSolutionNode = FALSE
	EndGlobalSection
	GlobalSection(ExtensibilityGlobals) = postSolution
		SolutionGuid = {D8878FE1-6A87-4BF0-BA93-5ED894618634}
	EndGlobalSection
EndGlobal
